<?xml version="1.0" encoding="utf-8"?>
<Project ToolsVersion="4.0" xmlns="http://schemas.microsoft.com/developer/msbuild/2003">
  <ItemGroup>
    <Filter Include="Source Files">
      <UniqueIdentifier>{4FC737F1-C7A5-4376-A066-2A32D752A2FF}</UniqueIdentifier>
      <Extensions>cpp;c;cc;cxx;c++;cppm;ixx;def;odl;idl;hpj;bat;asm;asmx</Extensions>
    </Filter>
    <Filter Include="Header Files">
      <UniqueIdentifier>{93995380-89BD-4b04-88EB-625FBE52EBFB}</UniqueIdentifier>
      <Extensions>h;hh;hpp;hxx;h++;hm;inl;inc;ipp;xsd</Extensions>
    </Filter>
    <Filter Include="Resource Files">
      <UniqueIdentifier>{67DA6AB6-F800-4c08-8B7A-83BB121AAD01}</UniqueIdentifier>
      <Extensions>rc;ico;cur;bmp;dlg;rc2;rct;bin;rgs;gif;jpg;jpeg;jpe;resx;tiff;tif;png;wav;mfcribbon-ms</Extensions>
    </Filter>
    <Filter Include="Source Files\Model">
      <UniqueIdentifier>{523cdc7c-cbd3-4188-8f5e-f9b23620b076}</UniqueIdentifier>
    </Filter>
    <Filter Include="Source Files\View">
      <UniqueIdentifier>{febb1bc9-903c-4845-a387-990f3484705e}</UniqueIdentifier>
    </Filter>
    <Filter Include="Source Files\Controller">
      <UniqueIdentifier>{13e96800-c278-4acc-b5b6-e4c06169f780}</UniqueIdentifier>
    </Filter>
    <Filter Include="Source Files\Controller\api">
      <UniqueIdentifier>{40f2ceb2-80a3-4f98-91f6-d453c41d4b59}</UniqueIdentifier>
    </Filter>
    <Filter Include="Source Files\Controller\impl">
      <UniqueIdentifier>{64510c01-285d-4535-ba95-63fe3be5dc16}</UniqueIdentifier>
    </Filter>
    <Filter Include="Source Files\Model\api">
      <UniqueIdentifier>{b783595d-739a-4836-af07-2e7dd56376e5}</UniqueIdentifier>
    </Filter>
    <Filter Include="Source Files\Model\impl">
      <UniqueIdentifier>{9a19d581-6f8e-43ae-b79d-1354da35405a}</UniqueIdentifier>
    </Filter>
    <Filter Include="Resource Files\Audio">
      <UniqueIdentifier>{f5b831de-103f-4818-8387-4a74937cee06}</UniqueIdentifier>
    </Filter>
    <Filter Include="Source Files\View\api">
      <UniqueIdentifier>{34de3377-9dab-4e43-9e0a-5cf7d49f746a}</UniqueIdentifier>
    </Filter>
    <Filter Include="Source Files\View\impl">
      <UniqueIdentifier>{977ee583-b53b-4d30-a793-ee36c9cfc48a}</UniqueIdentifier>
    </Filter>
  </ItemGroup>
  <ItemGroup>
    <ClCompile Include="BeatTheBaby.cpp">
      <Filter>Source Files</Filter>
    </ClCompile>
    <ClCompile Include="Core.h">
      <Filter>Source Files\Controller\api</Filter>
    </ClCompile>
    <ClCompile Include="CoreImpl.cpp">
      <Filter>Source Files\Controller\impl</Filter>
    </ClCompile>
    <ClCompile Include="Metronome.h">
      <Filter>Source Files\Controller\api</Filter>
    </ClCompile>
    <ClCompile Include="MetronomeImpl.cpp">
      <Filter>Source Files\Controller\impl</Filter>
    </ClCompile>
    <ClCompile Include="JukeboxImpl.cpp">
      <Filter>Source Files\Controller\impl</Filter>
    </ClCompile>
    <ClCompile Include="WorldImpl.cpp">
      <Filter>Source Files\Model\impl</Filter>
    </ClCompile>
    <ClCompile Include="BeatImpl.cpp">
      <Filter>Source Files\Model\impl</Filter>
    </ClCompile>
    <ClCompile Include="BuzzJmpl.cpp">
      <Filter>Source Files\Controller\impl</Filter>
    </ClCompile>
    <ClCompile Include="ViewImpl.cpp">
      <Filter>Source Files\View\impl</Filter>
    </ClCompile>
    <ClCompile Include="Gestione_Geometria.cpp">
      <Filter>Source Files\View\impl</Filter>
    </ClCompile>
    <ClCompile Include="ShaderMaker.cpp">
      <Filter>Source Files\View\impl</Filter>
    </ClCompile>
  </ItemGroup>
  <ItemGroup>
    <None Include="packages.config" />
    <None Include="vertexShader_M.glsl">
      <Filter>Source Files\View\impl</Filter>
    </None>
  </ItemGroup>
  <ItemGroup>
    <ClInclude Include="Jukebox.h">
      <Filter>Source Files\Controller\api</Filter>
    </ClInclude>
    <ClInclude Include="World.h">
      <Filter>Source Files\Model\api</Filter>
    </ClInclude>
    <ClInclude Include="Beat.h">
      <Filter>Source Files\Model\api</Filter>
    </ClInclude>
    <ClInclude Include="Buzz.h">
      <Filter>Source Files\Controller\api</Filter>
    </ClInclude>
    <ClInclude Include="Common.h">
      <Filter>Header Files</Filter>
    </ClInclude>
    <ClInclude Include="View.h">
      <Filter>Source Files\View\api</Filter>
    </ClInclude>
    <ClInclude Include="GestioneGeometria.h">
      <Filter>Source Files\View\api</Filter>
    </ClInclude>
    <ClInclude Include="Lib.h">
      <Filter>Source Files\View\api</Filter>
    </ClInclude>
    <ClInclude Include="ShaderMaker.h">
      <Filter>Source Files\View\api</Filter>
    </ClInclude>
  </ItemGroup>
  <ItemGroup>
    <Media Include="tick.wav">
      <Filter>Resource Files\Audio</Filter>
    </Media>
  </ItemGroup>
</Project>